schema: '2.0'
stages:
  data_ingestion:
    cmd: python -m src.components.data_ingestion
    deps:
    - path: data/fake_news.csv
      hash: md5
      md5: 73c9675a4b3d09f86a6933d0b8d7d908
      size: 245086152
    - path: src/components/data_ingestion.py
      hash: md5
      md5: 14e948af424146b1f8a5c5f15f1e23bd
      size: 3290
    outs:
    - path: artifacts/raw_data.csv
      hash: md5
      md5: b943cfe56879ea130ec6cc90bd86fea8
      size: 245086162
  data_preparation:
    cmd: python -m src.components.data_preparation
    deps:
    - path: artifacts/raw_data.csv
      hash: md5
      md5: ab1eb4164f08473824b0b263236d64dc
      size: 3492969
    - path: src/components/data_preparation.py
      hash: md5
      md5: 6be800013b6f6b0737233ef73da81f96
      size: 5783
    outs:
    - path: artifacts/prepared_data.csv
      hash: md5
      md5: 575b8ed00fd729148f3a9b21c27014d9
      size: 25716
  data_validation:
    cmd: python -m src.components.data_validation
    deps:
    - path: artifacts/prepared_data.csv
      hash: md5
      md5: 575b8ed00fd729148f3a9b21c27014d9
      size: 25716
    - path: src/components/data_validation.py
      hash: md5
      md5: aafb4f042d3d11b2c228f7213cec5587
      size: 12309
    outs:
    - path: artifacts/test.csv
      hash: md5
      md5: ae82da441d5c2a92dd1bc6121b24f91e
      size: 5995
    - path: artifacts/train.csv
      hash: md5
      md5: 19bdd46f1566ea99e1abc56166e7e573
      size: 20097
    - path: artifacts/validation_report.json
      hash: md5
      md5: 35b728228d4052325ff20100e51804b6
      size: 613
  model_training:
    cmd: python -m src.components.model_trainer
    deps:
    - path: artifacts/test.csv
      hash: md5
      md5: ae82da441d5c2a92dd1bc6121b24f91e
      size: 5995
    - path: artifacts/train.csv
      hash: md5
      md5: 19bdd46f1566ea99e1abc56166e7e573
      size: 20097
    - path: src/components/model_trainer.py
      hash: md5
      md5: b5fcbdc2fc16af370a929b8d4f399a5e
      size: 17976
    outs:
    - path: artifacts/metrics.json
      hash: md5
      md5: fd8f30d0a44775bce38dc22e34c7a932
      size: 152
    - path: artifacts/roberta_fakenews
      hash: md5
      md5: 10cb3d852b6be6900bdcd07648e92625.dir
      size: 1996155555
      nfiles: 16
